
Microsoft Visual Studio Solution File, Format Version 12.00
# Visual Studio Version 17
VisualStudioVersion = 17.0.31903.59
MinimumVisualStudioVersion = 10.0.40219.1
Project("{2150E333-8FDC-42A3-9474-1A3956D46DE8}") = "Services", "Services", "{5854FF58-B8C5-05C6-5BF2-ACE42193F22B}"
EndProject
Project("{2150E333-8FDC-42A3-9474-1A3956D46DE8}") = "Catalog", "Catalog", "{1713ADD5-64C4-7391-55A7-1287F9333B23}"
EndProject
Project("{FAE04EC0-301F-11D3-BF4B-00C04F79EFBC}") = "Catalog.API", "Services\Catalog\Catalog.API\Catalog.API.csproj", "{6351AB89-37D3-4116-82A6-1DED2698176F}"
EndProject
Project("{FAE04EC0-301F-11D3-BF4B-00C04F79EFBC}") = "BuildingBlocks", "BuildingBlocks\BuildingBlocks.csproj", "{81CAE4E6-094D-428A-9CB2-E0DB6DD785B9}"
EndProject
Project("{2150E333-8FDC-42A3-9474-1A3956D46DE8}") = "Basket", "Basket", "{F05E7D51-C881-45D3-B257-87DD966F2E44}"
EndProject
Project("{FAE04EC0-301F-11D3-BF4B-00C04F79EFBC}") = "Basket.API", "Services\Basket\Basket.API\Basket.API.csproj", "{322871C3-B816-42EF-BF02-D28DDDC60567}"
EndProject
Project("{2150E333-8FDC-42A3-9474-1A3956D46DE8}") = "Discount", "Discount", "{84EB66D5-B34B-403B-B5A9-3C270A3C3060}"
EndProject
Project("{FAE04EC0-301F-11D3-BF4B-00C04F79EFBC}") = "Discount.Grpc", "Services\Discount\Discount.Grpc\Discount.Grpc.csproj", "{5C3D2481-45AA-40DC-B24A-6D697C894395}"
EndProject
Project("{2150E333-8FDC-42A3-9474-1A3956D46DE8}") = "Ordering", "Ordering", "{97125B77-BA67-402E-9D16-564DF20F7998}"
EndProject
Project("{FAE04EC0-301F-11D3-BF4B-00C04F79EFBC}") = "Ordering.API", "Services\Ordering\Ordering.API\Ordering.API.csproj", "{337C05C1-232A-4643-B6E0-3DFBB741FA6F}"
EndProject
Project("{FAE04EC0-301F-11D3-BF4B-00C04F79EFBC}") = "Ordering.Domain", "Services\Ordering\Ordering.Domain\Ordering.Domain.csproj", "{DF38D333-1259-462B-BDCC-5C57C4BDF5D9}"
EndProject
Project("{FAE04EC0-301F-11D3-BF4B-00C04F79EFBC}") = "Ordering.Application", "Services\Ordering\Ordering.Application\Ordering.Application.csproj", "{5CB611AF-741F-493B-B784-3F54DBA9E3EA}"
EndProject
Project("{FAE04EC0-301F-11D3-BF4B-00C04F79EFBC}") = "Ordering.Infrastructure", "Services\Ordering\Ordering.Infrastructure\Ordering.Infrastructure.csproj", "{5019B6D1-74E0-4422-8A50-3D0159A5638A}"
EndProject
Project("{FAE04EC0-301F-11D3-BF4B-00C04F79EFBC}") = "BuildingBlocks.Messaging", "BuildingBlocks.Messaging\BuildingBlocks.Messaging.csproj", "{1ED623FB-0E67-4928-9958-D617CF13526F}"
EndProject
Project("{2150E333-8FDC-42A3-9474-1A3956D46DE8}") = "ApiGateways", "ApiGateways", "{33F2E0CD-AF4C-4E51-91E8-5B46D9853BE4}"
EndProject
Project("{FAE04EC0-301F-11D3-BF4B-00C04F79EFBC}") = "ApiGateway", "ApiGateways\ApiGateway\ApiGateway.csproj", "{7CB82467-F403-437B-A622-CA52FC0B10EF}"
EndProject
Global
	GlobalSection(SolutionConfigurationPlatforms) = preSolution
		Debug|Any CPU = Debug|Any CPU
		Debug|x64 = Debug|x64
		Debug|x86 = Debug|x86
		Release|Any CPU = Release|Any CPU
		Release|x64 = Release|x64
		Release|x86 = Release|x86
	EndGlobalSection
	GlobalSection(ProjectConfigurationPlatforms) = postSolution
		{6351AB89-37D3-4116-82A6-1DED2698176F}.Debug|Any CPU.ActiveCfg = Debug|Any CPU
		{6351AB89-37D3-4116-82A6-1DED2698176F}.Debug|Any CPU.Build.0 = Debug|Any CPU
		{6351AB89-37D3-4116-82A6-1DED2698176F}.Debug|x64.ActiveCfg = Debug|Any CPU
		{6351AB89-37D3-4116-82A6-1DED2698176F}.Debug|x64.Build.0 = Debug|Any CPU
		{6351AB89-37D3-4116-82A6-1DED2698176F}.Debug|x86.ActiveCfg = Debug|Any CPU
		{6351AB89-37D3-4116-82A6-1DED2698176F}.Debug|x86.Build.0 = Debug|Any CPU
		{6351AB89-37D3-4116-82A6-1DED2698176F}.Release|Any CPU.ActiveCfg = Release|Any CPU
		{6351AB89-37D3-4116-82A6-1DED2698176F}.Release|Any CPU.Build.0 = Release|Any CPU
		{6351AB89-37D3-4116-82A6-1DED2698176F}.Release|x64.ActiveCfg = Release|Any CPU
		{6351AB89-37D3-4116-82A6-1DED2698176F}.Release|x64.Build.0 = Release|Any CPU
		{6351AB89-37D3-4116-82A6-1DED2698176F}.Release|x86.ActiveCfg = Release|Any CPU
		{6351AB89-37D3-4116-82A6-1DED2698176F}.Release|x86.Build.0 = Release|Any CPU
		{81CAE4E6-094D-428A-9CB2-E0DB6DD785B9}.Debug|Any CPU.ActiveCfg = Debug|Any CPU
		{81CAE4E6-094D-428A-9CB2-E0DB6DD785B9}.Debug|Any CPU.Build.0 = Debug|Any CPU
		{81CAE4E6-094D-428A-9CB2-E0DB6DD785B9}.Debug|x64.ActiveCfg = Debug|Any CPU
		{81CAE4E6-094D-428A-9CB2-E0DB6DD785B9}.Debug|x64.Build.0 = Debug|Any CPU
		{81CAE4E6-094D-428A-9CB2-E0DB6DD785B9}.Debug|x86.ActiveCfg = Debug|Any CPU
		{81CAE4E6-094D-428A-9CB2-E0DB6DD785B9}.Debug|x86.Build.0 = Debug|Any CPU
		{81CAE4E6-094D-428A-9CB2-E0DB6DD785B9}.Release|Any CPU.ActiveCfg = Release|Any CPU
		{81CAE4E6-094D-428A-9CB2-E0DB6DD785B9}.Release|Any CPU.Build.0 = Release|Any CPU
		{81CAE4E6-094D-428A-9CB2-E0DB6DD785B9}.Release|x64.ActiveCfg = Release|Any CPU
		{81CAE4E6-094D-428A-9CB2-E0DB6DD785B9}.Release|x64.Build.0 = Release|Any CPU
		{81CAE4E6-094D-428A-9CB2-E0DB6DD785B9}.Release|x86.ActiveCfg = Release|Any CPU
		{81CAE4E6-094D-428A-9CB2-E0DB6DD785B9}.Release|x86.Build.0 = Release|Any CPU
		{322871C3-B816-42EF-BF02-D28DDDC60567}.Debug|Any CPU.ActiveCfg = Debug|Any CPU
		{322871C3-B816-42EF-BF02-D28DDDC60567}.Debug|Any CPU.Build.0 = Debug|Any CPU
		{322871C3-B816-42EF-BF02-D28DDDC60567}.Debug|x64.ActiveCfg = Debug|Any CPU
		{322871C3-B816-42EF-BF02-D28DDDC60567}.Debug|x64.Build.0 = Debug|Any CPU
		{322871C3-B816-42EF-BF02-D28DDDC60567}.Debug|x86.ActiveCfg = Debug|Any CPU
		{322871C3-B816-42EF-BF02-D28DDDC60567}.Debug|x86.Build.0 = Debug|Any CPU
		{322871C3-B816-42EF-BF02-D28DDDC60567}.Release|Any CPU.ActiveCfg = Release|Any CPU
		{322871C3-B816-42EF-BF02-D28DDDC60567}.Release|Any CPU.Build.0 = Release|Any CPU
		{322871C3-B816-42EF-BF02-D28DDDC60567}.Release|x64.ActiveCfg = Release|Any CPU
		{322871C3-B816-42EF-BF02-D28DDDC60567}.Release|x64.Build.0 = Release|Any CPU
		{322871C3-B816-42EF-BF02-D28DDDC60567}.Release|x86.ActiveCfg = Release|Any CPU
		{322871C3-B816-42EF-BF02-D28DDDC60567}.Release|x86.Build.0 = Release|Any CPU
		{5C3D2481-45AA-40DC-B24A-6D697C894395}.Debug|Any CPU.ActiveCfg = Debug|Any CPU
		{5C3D2481-45AA-40DC-B24A-6D697C894395}.Debug|Any CPU.Build.0 = Debug|Any CPU
		{5C3D2481-45AA-40DC-B24A-6D697C894395}.Debug|x64.ActiveCfg = Debug|Any CPU
		{5C3D2481-45AA-40DC-B24A-6D697C894395}.Debug|x64.Build.0 = Debug|Any CPU
		{5C3D2481-45AA-40DC-B24A-6D697C894395}.Debug|x86.ActiveCfg = Debug|Any CPU
		{5C3D2481-45AA-40DC-B24A-6D697C894395}.Debug|x86.Build.0 = Debug|Any CPU
		{5C3D2481-45AA-40DC-B24A-6D697C894395}.Release|Any CPU.ActiveCfg = Release|Any CPU
		{5C3D2481-45AA-40DC-B24A-6D697C894395}.Release|Any CPU.Build.0 = Release|Any CPU
		{5C3D2481-45AA-40DC-B24A-6D697C894395}.Release|x64.ActiveCfg = Release|Any CPU
		{5C3D2481-45AA-40DC-B24A-6D697C894395}.Release|x64.Build.0 = Release|Any CPU
		{5C3D2481-45AA-40DC-B24A-6D697C894395}.Release|x86.ActiveCfg = Release|Any CPU
		{5C3D2481-45AA-40DC-B24A-6D697C894395}.Release|x86.Build.0 = Release|Any CPU
		{337C05C1-232A-4643-B6E0-3DFBB741FA6F}.Debug|Any CPU.ActiveCfg = Debug|Any CPU
		{337C05C1-232A-4643-B6E0-3DFBB741FA6F}.Debug|Any CPU.Build.0 = Debug|Any CPU
		{337C05C1-232A-4643-B6E0-3DFBB741FA6F}.Debug|x64.ActiveCfg = Debug|Any CPU
		{337C05C1-232A-4643-B6E0-3DFBB741FA6F}.Debug|x64.Build.0 = Debug|Any CPU
		{337C05C1-232A-4643-B6E0-3DFBB741FA6F}.Debug|x86.ActiveCfg = Debug|Any CPU
		{337C05C1-232A-4643-B6E0-3DFBB741FA6F}.Debug|x86.Build.0 = Debug|Any CPU
		{337C05C1-232A-4643-B6E0-3DFBB741FA6F}.Release|Any CPU.ActiveCfg = Release|Any CPU
		{337C05C1-232A-4643-B6E0-3DFBB741FA6F}.Release|Any CPU.Build.0 = Release|Any CPU
		{337C05C1-232A-4643-B6E0-3DFBB741FA6F}.Release|x64.ActiveCfg = Release|Any CPU
		{337C05C1-232A-4643-B6E0-3DFBB741FA6F}.Release|x64.Build.0 = Release|Any CPU
		{337C05C1-232A-4643-B6E0-3DFBB741FA6F}.Release|x86.ActiveCfg = Release|Any CPU
		{337C05C1-232A-4643-B6E0-3DFBB741FA6F}.Release|x86.Build.0 = Release|Any CPU
		{DF38D333-1259-462B-BDCC-5C57C4BDF5D9}.Debug|Any CPU.ActiveCfg = Debug|Any CPU
		{DF38D333-1259-462B-BDCC-5C57C4BDF5D9}.Debug|Any CPU.Build.0 = Debug|Any CPU
		{DF38D333-1259-462B-BDCC-5C57C4BDF5D9}.Debug|x64.ActiveCfg = Debug|Any CPU
		{DF38D333-1259-462B-BDCC-5C57C4BDF5D9}.Debug|x64.Build.0 = Debug|Any CPU
		{DF38D333-1259-462B-BDCC-5C57C4BDF5D9}.Debug|x86.ActiveCfg = Debug|Any CPU
		{DF38D333-1259-462B-BDCC-5C57C4BDF5D9}.Debug|x86.Build.0 = Debug|Any CPU
		{DF38D333-1259-462B-BDCC-5C57C4BDF5D9}.Release|Any CPU.ActiveCfg = Release|Any CPU
		{DF38D333-1259-462B-BDCC-5C57C4BDF5D9}.Release|Any CPU.Build.0 = Release|Any CPU
		{DF38D333-1259-462B-BDCC-5C57C4BDF5D9}.Release|x64.ActiveCfg = Release|Any CPU
		{DF38D333-1259-462B-BDCC-5C57C4BDF5D9}.Release|x64.Build.0 = Release|Any CPU
		{DF38D333-1259-462B-BDCC-5C57C4BDF5D9}.Release|x86.ActiveCfg = Release|Any CPU
		{DF38D333-1259-462B-BDCC-5C57C4BDF5D9}.Release|x86.Build.0 = Release|Any CPU
		{5CB611AF-741F-493B-B784-3F54DBA9E3EA}.Debug|Any CPU.ActiveCfg = Debug|Any CPU
		{5CB611AF-741F-493B-B784-3F54DBA9E3EA}.Debug|Any CPU.Build.0 = Debug|Any CPU
		{5CB611AF-741F-493B-B784-3F54DBA9E3EA}.Debug|x64.ActiveCfg = Debug|Any CPU
		{5CB611AF-741F-493B-B784-3F54DBA9E3EA}.Debug|x64.Build.0 = Debug|Any CPU
		{5CB611AF-741F-493B-B784-3F54DBA9E3EA}.Debug|x86.ActiveCfg = Debug|Any CPU
		{5CB611AF-741F-493B-B784-3F54DBA9E3EA}.Debug|x86.Build.0 = Debug|Any CPU
		{5CB611AF-741F-493B-B784-3F54DBA9E3EA}.Release|Any CPU.ActiveCfg = Release|Any CPU
		{5CB611AF-741F-493B-B784-3F54DBA9E3EA}.Release|Any CPU.Build.0 = Release|Any CPU
		{5CB611AF-741F-493B-B784-3F54DBA9E3EA}.Release|x64.ActiveCfg = Release|Any CPU
		{5CB611AF-741F-493B-B784-3F54DBA9E3EA}.Release|x64.Build.0 = Release|Any CPU
		{5CB611AF-741F-493B-B784-3F54DBA9E3EA}.Release|x86.ActiveCfg = Release|Any CPU
		{5CB611AF-741F-493B-B784-3F54DBA9E3EA}.Release|x86.Build.0 = Release|Any CPU
		{5019B6D1-74E0-4422-8A50-3D0159A5638A}.Debug|Any CPU.ActiveCfg = Debug|Any CPU
		{5019B6D1-74E0-4422-8A50-3D0159A5638A}.Debug|Any CPU.Build.0 = Debug|Any CPU
		{5019B6D1-74E0-4422-8A50-3D0159A5638A}.Debug|x64.ActiveCfg = Debug|Any CPU
		{5019B6D1-74E0-4422-8A50-3D0159A5638A}.Debug|x64.Build.0 = Debug|Any CPU
		{5019B6D1-74E0-4422-8A50-3D0159A5638A}.Debug|x86.ActiveCfg = Debug|Any CPU
		{5019B6D1-74E0-4422-8A50-3D0159A5638A}.Debug|x86.Build.0 = Debug|Any CPU
		{5019B6D1-74E0-4422-8A50-3D0159A5638A}.Release|Any CPU.ActiveCfg = Release|Any CPU
		{5019B6D1-74E0-4422-8A50-3D0159A5638A}.Release|Any CPU.Build.0 = Release|Any CPU
		{5019B6D1-74E0-4422-8A50-3D0159A5638A}.Release|x64.ActiveCfg = Release|Any CPU
		{5019B6D1-74E0-4422-8A50-3D0159A5638A}.Release|x64.Build.0 = Release|Any CPU
		{5019B6D1-74E0-4422-8A50-3D0159A5638A}.Release|x86.ActiveCfg = Release|Any CPU
		{5019B6D1-74E0-4422-8A50-3D0159A5638A}.Release|x86.Build.0 = Release|Any CPU
		{1ED623FB-0E67-4928-9958-D617CF13526F}.Debug|Any CPU.ActiveCfg = Debug|Any CPU
		{1ED623FB-0E67-4928-9958-D617CF13526F}.Debug|Any CPU.Build.0 = Debug|Any CPU
		{1ED623FB-0E67-4928-9958-D617CF13526F}.Debug|x64.ActiveCfg = Debug|Any CPU
		{1ED623FB-0E67-4928-9958-D617CF13526F}.Debug|x64.Build.0 = Debug|Any CPU
		{1ED623FB-0E67-4928-9958-D617CF13526F}.Debug|x86.ActiveCfg = Debug|Any CPU
		{1ED623FB-0E67-4928-9958-D617CF13526F}.Debug|x86.Build.0 = Debug|Any CPU
		{1ED623FB-0E67-4928-9958-D617CF13526F}.Release|Any CPU.ActiveCfg = Release|Any CPU
		{1ED623FB-0E67-4928-9958-D617CF13526F}.Release|Any CPU.Build.0 = Release|Any CPU
		{1ED623FB-0E67-4928-9958-D617CF13526F}.Release|x64.ActiveCfg = Release|Any CPU
		{1ED623FB-0E67-4928-9958-D617CF13526F}.Release|x64.Build.0 = Release|Any CPU
		{1ED623FB-0E67-4928-9958-D617CF13526F}.Release|x86.ActiveCfg = Release|Any CPU
		{1ED623FB-0E67-4928-9958-D617CF13526F}.Release|x86.Build.0 = Release|Any CPU
		{7CB82467-F403-437B-A622-CA52FC0B10EF}.Debug|Any CPU.ActiveCfg = Debug|Any CPU
		{7CB82467-F403-437B-A622-CA52FC0B10EF}.Debug|Any CPU.Build.0 = Debug|Any CPU
		{7CB82467-F403-437B-A622-CA52FC0B10EF}.Debug|x64.ActiveCfg = Debug|Any CPU
		{7CB82467-F403-437B-A622-CA52FC0B10EF}.Debug|x64.Build.0 = Debug|Any CPU
		{7CB82467-F403-437B-A622-CA52FC0B10EF}.Debug|x86.ActiveCfg = Debug|Any CPU
		{7CB82467-F403-437B-A622-CA52FC0B10EF}.Debug|x86.Build.0 = Debug|Any CPU
		{7CB82467-F403-437B-A622-CA52FC0B10EF}.Release|Any CPU.ActiveCfg = Release|Any CPU
		{7CB82467-F403-437B-A622-CA52FC0B10EF}.Release|Any CPU.Build.0 = Release|Any CPU
		{7CB82467-F403-437B-A622-CA52FC0B10EF}.Release|x64.ActiveCfg = Release|Any CPU
		{7CB82467-F403-437B-A622-CA52FC0B10EF}.Release|x64.Build.0 = Release|Any CPU
		{7CB82467-F403-437B-A622-CA52FC0B10EF}.Release|x86.ActiveCfg = Release|Any CPU
		{7CB82467-F403-437B-A622-CA52FC0B10EF}.Release|x86.Build.0 = Release|Any CPU
	EndGlobalSection
	GlobalSection(SolutionProperties) = preSolution
		HideSolutionNode = FALSE
	EndGlobalSection
	GlobalSection(NestedProjects) = preSolution
		{1713ADD5-64C4-7391-55A7-1287F9333B23} = {5854FF58-B8C5-05C6-5BF2-ACE42193F22B}
		{6351AB89-37D3-4116-82A6-1DED2698176F} = {1713ADD5-64C4-7391-55A7-1287F9333B23}
		{F05E7D51-C881-45D3-B257-87DD966F2E44} = {5854FF58-B8C5-05C6-5BF2-ACE42193F22B}
		{322871C3-B816-42EF-BF02-D28DDDC60567} = {F05E7D51-C881-45D3-B257-87DD966F2E44}
		{84EB66D5-B34B-403B-B5A9-3C270A3C3060} = {5854FF58-B8C5-05C6-5BF2-ACE42193F22B}
		{5C3D2481-45AA-40DC-B24A-6D697C894395} = {84EB66D5-B34B-403B-B5A9-3C270A3C3060}
		{97125B77-BA67-402E-9D16-564DF20F7998} = {5854FF58-B8C5-05C6-5BF2-ACE42193F22B}
		{337C05C1-232A-4643-B6E0-3DFBB741FA6F} = {97125B77-BA67-402E-9D16-564DF20F7998}
		{DF38D333-1259-462B-BDCC-5C57C4BDF5D9} = {97125B77-BA67-402E-9D16-564DF20F7998}
		{5CB611AF-741F-493B-B784-3F54DBA9E3EA} = {97125B77-BA67-402E-9D16-564DF20F7998}
		{5019B6D1-74E0-4422-8A50-3D0159A5638A} = {97125B77-BA67-402E-9D16-564DF20F7998}
		{7CB82467-F403-437B-A622-CA52FC0B10EF} = {33F2E0CD-AF4C-4E51-91E8-5B46D9853BE4}
	EndGlobalSection
EndGlobal
